
Microsoft Visual Studio Solution File, Format Version 12.00
# Visual Studio Version 17
VisualStudioVersion = 17.3.32901.215
MinimumVisualStudioVersion = 10.0.40219.1
Project("{8BC9CEB8-8B4A-11D0-8D11-00A0C91BC942}") = "2023_SUMMER", "2023_SUMMER\2023_SUMMER.vcxproj", "{12DA10A9-EB4B-4E95-8BB8-4DDCDECD37F3}"
EndProject
Global
	GlobalSection(SolutionConfigurationPlatforms) = preSolution
		Debug|x64 = Debug|x64
		Debug|x86 = Debug|x86
		Release|x64 = Release|x64
		Release|x86 = Release|x86
	EndGlobalSection
	GlobalSection(ProjectConfigurationPlatforms) = postSolution
		{12DA10A9-EB4B-4E95-8BB8-4DDCDECD37F3}.Debug|x64.ActiveCfg = Debug|x64
		{12DA10A9-EB4B-4E95-8BB8-4DDCDECD37F3}.Debug|x64.Build.0 = Debug|x64
		{12DA10A9-EB4B-4E95-8BB8-4DDCDECD37F3}.Debug|x86.ActiveCfg = Debug|Win32
		{12DA10A9-EB4B-4E95-8BB8-4DDCDECD37F3}.Debug|x86.Build.0 = Debug|Win32
		{12DA10A9-EB4B-4E95-8BB8-4DDCDECD37F3}.Release|x64.ActiveCfg = Release|x64
		{12DA10A9-EB4B-4E95-8BB8-4DDCDECD37F3}.Release|x64.Build.0 = Release|x64
		{12DA10A9-EB4B-4E95-8BB8-4DDCDECD37F3}.Release|x86.ActiveCfg = Release|Win32
		{12DA10A9-EB4B-4E95-8BB8-4DDCDECD37F3}.Release|x86.Build.0 = Release|Win32
	EndGlobalSection
	GlobalSection(SolutionProperties) = preSolution
		HideSolutionNode = FALSE
	EndGlobalSection
	GlobalSection(ExtensibilityGlobals) = postSolution
		SolutionGuid = {019AD233-EF94-417C-A00F-234B805B45A2}
	EndGlobalSection
EndGlobal
